// !$*UTF8*$!
{
	archiveVersion = 1;
	classes = {
	};
	objectVersion = 46;
	objects = {

/* Begin PBXBuildFile section */
		BDEA01391D4119130024B742 /* AppDelegate.swift in Sources */ = {isa = PBXBuildFile; fileRef = BDEA01381D4119130024B742 /* AppDelegate.swift */; };
		BDEA013B1D4119130024B742 /* ViewController.swift in Sources */ = {isa = PBXBuildFile; fileRef = BDEA013A1D4119130024B742 /* ViewController.swift */; };
		BDEA013E1D4119130024B742 /* Main.storyboard in Resources */ = {isa = PBXBuildFile; fileRef = BDEA013C1D4119130024B742 /* Main.storyboard */; };
		BDEA01401D4119130024B742 /* Assets.xcassets in Resources */ = {isa = PBXBuildFile; fileRef = BDEA013F1D4119130024B742 /* Assets.xcassets */; };
		BDEA01431D4119130024B742 /* LaunchScreen.storyboard in Resources */ = {isa = PBXBuildFile; fileRef = BDEA01411D4119130024B742 /* LaunchScreen.storyboard */; };
/* End PBXBuildFile section */

/* Begin PBXFileReference section */
		BDEA01351D4119130024B742 /* IntroToMapKit.app */ = {isa = PBXFileReference; explicitFileType = wrapper.application; includeInIndex = 0; path = IntroToMapKit.app; sourceTree = BUILT_PRODUCTS_DIR; };
		BDEA01381D4119130024B742 /* AppDelegate.swift */ = {isa = PBXFileReference; lastKnownFileType = sourcecode.swift; path = AppDelegate.swift; sourceTree = "<group>"; };
		BDEA013A1D4119130024B742 /* ViewController.swift */ = {isa = PBXFileReference; lastKnownFileType = sourcecode.swift; path = ViewController.swift; sourceTree = "<group>"; };
		BDEA013D1D4119130024B742 /* Base */ = {isa = PBXFileReference; lastKnownFileType = file.storyboard; name = Base; path = Base.lproj/Main.storyboard; sourceTree = "<group>"; };
		BDEA013F1D4119130024B742 /* Assets.xcassets */ = {isa = PBXFileReference; lastKnownFileType = folder.assetcatalog; path = Assets.xcassets; sourceTree = "<group>"; };
		BDEA01421D4119130024B742 /* Base */ = {isa = PBXFileReference; lastKnownFileType = file.storyboard; name = Base; path = Base.lproj/LaunchScreen.storyboard; sourceTree = "<group>"; };
		BDEA01441D4119130024B742 /* Info.plist */ = {isa = PBXFileReference; lastKnownFileType = text.plist.xml; path = Info.plist; sourceTree = "<group>"; };
/* End PBXFileReference section */

/* Begin PBXFrameworksBuildPhase section */
		BDEA01321D4119130024B742 /* Frameworks */ = {
			isa = PBXFrameworksBuildPhase;
			buildActionMask = 2147483647;
			files = (
			);
			runOnlyForDeploymentPostprocessing = 0;
		};
/* End PBXFrameworksBuildPhase section */

/* Begin PBXGroup section */
		BDEA012C1D4119130024B742 = {
			isa = PBXGroup;
			children = (
				BDEA01371D4119130024B742 /* IntroToMapKit */,
				BDEA01361D4119130024B742 /* Products */,
			);
			sourceTree = "<group>";
		};
		BDEA01361D4119130024B742 /* Products */ = {
			isa = PBXGroup;
			children = (
				BDEA01351D4119130024B742 /* IntroToMapKit.app */,
			);
			name = Products;
			sourceTree = "<group>";
		};
		BDEA01371D4119130024B742 /* IntroToMapKit */ = {
			isa = PBXGroup;
			children = (
				BDEA01381D4119130024B742 /* AppDelegate.swift */,
				BDEA013A1D4119130024B742 /* ViewController.swift */,
				BDEA013C1D4119130024B742 /* Main.storyboard */,
				BDEA013F1D4119130024B742 /* Assets.xcassets */,
				BDEA01411D4119130024B742 /* LaunchScreen.storyboard */,
				BDEA01441D4119130024B742 /* Info.plist */,
			);
			path = IntroToMapKit;
			sourceTree = "<group>";
		};
/* End PBXGroup section */

/* Begin PBXNativeTarget section */
		BDEA01341D4119130024B742 /* IntroToMapKit */ = {
			isa = PBXNativeTarget;
			buildConfigurationList = BDEA01471D4119130024B742 /* Build configuration list for PBXNativeTarget "IntroToMapKit" */;
			buildPhases = (
				BDEA01311D4119130024B742 /* Sources */,
				BDEA01321D4119130024B742 /* Frameworks */,
				BDEA01331D4119130024B742 /* Resources */,
			);
			buildRules = (
			);
			dependencies = (
			);
			name = IntroToMapKit;
			productName = IntroToMapKit;
			productReference = BDEA01351D4119130024B742 /* IntroToMapKit.app */;
			productType = "com.apple.product-type.application";
		};
/* End PBXNativeTarget section */

/* Begin PBXProject section */
		BDEA012D1D4119130024B742 /* Project object */ = {
			isa = PBXProject;
			attributes = {
				LastSwiftUpdateCheck = 0730;
				LastUpgradeCheck = 0730;
				ORGANIZATIONNAME = "Angelica Bato";
				TargetAttributes = {
					BDEA01341D4119130024B742 = {
						CreatedOnToolsVersion = 7.3.1;
					};
				};
			};
			buildConfigurationList = BDEA01301D4119130024B742 /* Build configuration list for PBXProject "IntroToMapKit" */;
			compatibilityVersion = "Xcode 3.2";
			developmentRegion = English;
			hasScannedForEncodings = 0;
			knownRegions = (
				en,
				Base,
			);
			mainGroup = BDEA012C1D4119130024B742;
			productRefGroup = BDEA01361D4119130024B742 /* Products */;
			projectDirPath = "";
			projectRoot = "";
			targets = (
				BDEA01341D4119130024B742 /* IntroToMapKit */,
			);
		};
/* End PBXProject section */

/* Begin PBXResourcesBuildPhase section */
		BDEA01331D4119130024B742 /* Resources */ = {
			isa = PBXResourcesBuildPhase;
			buildActionMask = 2147483647;
			files = (
				BDEA01431D4119130024B742 /* LaunchScreen.storyboard in Resources */,
				BDEA01401D4119130024B742 /* Assets.xcassets in Resources */,
				BDEA013E1D4119130024B742 /* Main.storyboard in Resources */,
			);
			runOnlyForDeploymentPostprocessing = 0;
		};
/* End PBXResourcesBuildPhase section */

/* Begin PBXSourcesBuildPhase section */
		BDEA01311D4119130024B742 /* Sources */ = {
			isa = PBXSourcesBuildPhase;
			buildActionMask = 2147483647;
			files = (
				BDEA013B1D4119130024B742 /* ViewController.swift in Sources */,
				BDEA01391D4119130024B742 /* AppDelegate.swift in Sources */,
			);
			runOnlyForDeploymentPostprocessing = 0;
		};
/* End PBXSourcesBuildPhase section */

/* Begin PBXVariantGroup section */
		BDEA013C1D4119130024B742 /* Main.storyboard */ = {
			isa = PBXVariantGroup;
			children = (
				BDEA013D1D4119130024B742 /* Base */,
			);
			name = Main.storyboard;
			sourceTree = "<group>";
		};
		BDEA01411D4119130024B742 /* LaunchScreen.storyboard */ = {
			isa = PBXVariantGroup;
			children = (
				BDEA01421D4119130024B742 /* Base */,
			);
			name = LaunchScreen.storyboard;
			sourceTree = "<group>";
		};
/* End PBXVariantGroup section */

/* Begin XCBuildConfiguration section */
		BDEA01451D4119130024B742 /* Debug */ = {
			isa = XCBuildConfiguration;
			buildSettings = {
				ALWAYS_SEARCH_USER_PATHS = NO;
				CLANG_ANALYZER_NONNULL = YES;
				CLANG_CXX_LANGUAGE_STANDARD = "gnu++0x";
				CLANG_CXX_LIBRARY = "libc++";
				CLANG_ENABLE_MODULES = YES;
				CLANG_ENABLE_OBJC_ARC = YES;
				CLANG_WARN_BOOL_CONVERSION = YES;
				CLANG_WARN_CONSTANT_CONVERSION = YES;
				CLANG_WARN_DIRECT_OBJC_ISA_USAGE = YES_ERROR;
				CLANG_WARN_EMPTY_BODY = YES;
				CLANG_WARN_ENUM_CONVERSION = YES;
				CLANG_WARN_INT_CONVERSION = YES;
				CLANG_WARN_OBJC_ROOT_CLASS = YES_ERROR;
				CLANG_WARN_UNREACHABLE_CODE = YES;
				CLANG_WARN__DUPLICATE_METHOD_MATCH = YES;
				"CODE_SIGN_IDENTITY[sdk=iphoneos*]" = "iPhone Developer";
				COPY_PHASE_STRIP = NO;
				DEBUG_INFORMATION_FORMAT = dwarf;
				ENABLE_STRICT_OBJC_MSGSEND = YES;
				ENABLE_TESTABILITY = YES;
				GCC_C_LANGUAGE_STANDARD = gnu99;
				GCC_DYNAMIC_NO_PIC = NO;
				GCC_NO_COMMON_BLOCKS = YES;
				GCC_OPTIMIZATION_LEVEL = 0;
				GCC_PREPROCESSOR_DEFINITIONS = (
					"DEBUG=1",
					"$(inherited)",
				);
				GCC_WARN_64_TO_32_BIT_CONVERSION = YES;
				GCC_WARN_ABOUT_RETURN_TYPE = YES_ERROR;
				GCC_WARN_UNDECLARED_SELECTOR = YES;
				GCC_WARN_UNINITIALIZED_AUTOS = YES_AGGRESSIVE;
				GCC_WARN_UNUSED_FUNCTION = YES;
				GCC_WARN_UNUSED_VARIABLE = YES;
				IPHONEOS_DEPLOYMENT_TARGET = 9.3;
				MTL_ENABLE_DEBUG_INFO = YES;
				ONLY_ACTIVE_ARCH = YES;
				SDKROOT = iphoneos;
				SWIFT_OPTIMIZATION_LEVEL = "-Onone";
			};
			name = Debug;
		};
		BDEA01461D4119130024B742 /* Release */ = {
			isa = XCBuildConfiguration;
			buildSettings = {
				ALWAYS_SEARCH_USER_PATHS = NO;
				CLANG_ANALYZER_NONNULL = YES;
				CLANG_CXX_LANGUAGE_STANDARD = "gnu++0x";
				CLANG_CXX_LIBRARY = "libc++";
				CLANG_ENABLE_MODULES = YES;
				CLANG_ENABLE_OBJC_ARC = YES;
				CLANG_WARN_BOOL_CONVERSION = YES;
				CLANG_WARN_CONSTANT_CONVERSION = YES;
				CLANG_WARN_DIRECT_OBJC_ISA_USAGE = YES_ERROR;
				CLANG_WARN_EMPTY_BODY = YES;
				CLANG_WARN_ENUM_CONVERSION = YES;
				CLANG_WARN_INT_CONVERSION = YES;
				CLANG_WARN_OBJC_ROOT_CLASS = YES_ERROR;
				CLANG_WARN_UNREACHABLE_CODE = YES;
				CLANG_WARN__DUPLICATE_METHOD_MATCH = YES;
				"CODE_SIGN_IDENTITY[sdk=iphoneos*]" = "iPhone Developer";
				COPY_PHASE_STRIP = NO;
				DEBUG_INFORMATION_FORMAT = "dwarf-with-dsym";
				ENABLE_NS_ASSERTIONS = NO;
				ENABLE_STRICT_OBJC_MSGSEND = YES;
				GCC_C_LANGUAGE_STANDARD = gnu99;
				GCC_NO_COMMON_BLOCKS = YES;
				GCC_WARN_64_TO_32_BIT_CONVERSION = YES;
				GCC_WARN_ABOUT_RETURN_TYPE = YES_ERROR;
				GCC_WARN_UNDECLARED_SELECTOR = YES;
				GCC_WARN_UNINITIALIZED_AUTOS = YES_AGGRESSIVE;
				GCC_WARN_UNUSED_FUNCTION = YES;
				GCC_WARN_UNUSED_VARIABLE = YES;
				IPHONEOS_DEPLOYMENT_TARGET = 9.3;
				MTL_ENABLE_DEBUG_INFO = NO;
				SDKROOT = iphoneos;
				VALIDATE_PRODUCT = YES;
			};
			name = Release;
		};
		BDEA01481D4119130024B742 /* Debug */ = {
			isa = XCBuildConfiguration;
			buildSettings = {
				ASSETCATALOG_COMPILER_APPICON_NAME = AppIcon;
				INFOPLIST_FILE = IntroToMapKit/Info.plist;
				LD_RUNPATH_SEARCH_PATHS = "$(inherited) @executable_path/Frameworks";
				PRODUCT_BUNDLE_IDENTIFIER = com.angelicabato.IntroToMapKit;
				PRODUCT_NAME = "$(TARGET_NAME)";
			};
			name = Debug;
		};
		BDEA01491D4119130024B742 /* Release */ = {
			isa = XCBuildConfiguration;
			buildSettings = {
				ASSETCATALOG_COMPILER_APPICON_NAME = AppIcon;
				INFOPLIST_FILE = IntroToMapKit/Info.plist;
				LD_RUNPATH_SEARCH_PATHS = "$(inherited) @executable_path/Frameworks";
				PRODUCT_BUNDLE_IDENTIFIER = com.angelicabato.IntroToMapKit;
				PRODUCT_NAME = "$(TARGET_NAME)";
			};
			name = Release;
		};
/* End XCBuildConfiguration section */

/* Begin XCConfigurationList section */
		BDEA01301D4119130024B742 /* Build configuration list for PBXProject "IntroToMapKit" */ = {
			isa = XCConfigurationList;
			buildConfigurations = (
				BDEA01451D4119130024B742 /* Debug */,
				BDEA01461D4119130024B742 /* Release */,
			);
			defaultConfigurationIsVisible = 0;
			defaultConfigurationName = Release;
		};
		BDEA01471D4119130024B742 /* Build configuration list for PBXNativeTarget "IntroToMapKit" */ = {
			isa = XCConfigurationList;
			buildConfigurations = (
				BDEA01481D4119130024B742 /* Debug */,
				BDEA01491D4119130024B742 /* Release */,
			);
			defaultConfigurationIsVisible = 0;
		};
/* End XCConfigurationList section */
	};
	rootObject = BDEA012D1D4119130024B742 /* Project object */;
}
